version: 1
files:
  src/messages/en.json:
    header.pricing: e22ac25b066b201473de7aa700ef5d92
    header.docs: a3907cd461d8739aa3266047bc4b8c0c
    header.signIn: b6d4223e60986fa4c9af77ee5f7149c5
    header.goToApp: 90e5e76a965ecc3c844ae730d9f71b6b
    hero.title: f00286f7bf06669d3e05136dcbeda42b
    hero.description: 47bdfa703928ad3af9a4f811f3349c74
    navigation.dashboard: 2938c7f7e560ed972f8a4f68e80ff834
    navigation.tuning: 89dd2948ecda7325c0001d8a0e51a2d8
    navigation.settings: f4f70727dc34561dfde1a3c529b6205c
    navigation.pricing: e22ac25b066b201473de7aa700ef5d92
    navigation.docs: 5b6cf869265c13af8566f192b4ab3d2a
    navigation.account: 08bd40c7543007ad06e4fce31618f6ec
    getStarted.heading: be11c74c1dd7f307bb80183a90dc2067
    getStarted.title: f00286f7bf06669d3e05136dcbeda42b
    getStarted.description: 47bdfa703928ad3af9a4f811f3349c74
    getStarted.button.startAutomating: a698f6a6e17c887e558c625a4e19800b
    getStarted.button.readDocumentation: 7a471cf15b5fc07ad6cda82a6f054b3b
    companies.title: 11cd4b12c171c74f7146ba4e4ede2f62
    companies.addYourCompany: c6eb0094edad581dd56a7186889c9eb6
    activity.title: ecfc2dffe568c10a67dbc6d3724cfde2
    activity.loading: 16bfbf9c462762cf1cba4134ec53c504
    activity.noResults: fa9c0b1efecd50345edeb04a067263a1
    activity.clearSearch: 9983381c21069a3d6e4432e0aaea0079
    activity.loadMore: 146ffe2fd9fa5bec3b63b52543793ec7
    activity.type.key: 897356954c2cd3d41b221e3f24f99bba
    activity.type.document: 0945359809dad1fbf3dea1c95a0da951
    features.title: 98f770b0af18ca763421bac22b4b6805
    features.fullyOpenSource: bdcd016117e119e7d42a35bd19bf0e02
    features.fullyOpenSourceDescription: 8b874a3e1b96efe68617f967532bf9c9
    features.noVendorLockIn: cc18e220a49143ae4425dfebfd856fbb
    features.noVendorLockInDescription: 12e34dd117f9aa036ec0feb347d66ef1
    features.presetsForExpo: 35e2d5bfb5c3495057bb1642f174d95b
    features.presetsForExpoDescription: 637d6e67a90fb92ae556db790f50302e
    features.presetForReactNative: 80db9f5575a5e449e7c15c8346a56cdd
    features.presetForReactNativeDescription: b899e57bfdd5b20bd3476a23abd6c1bf
    features.presetForReactEmail: ba2ac6fa0e81ed0fa5c7824088cbfc15
    features.presetForReactEmailDescription: 1b98e511c66e4fd3244e9ab086943e73
    features.readyForI18nLibraries: 9c20c495c1d74d53ccd6e41079dcdf33
    features.readyForI18nLibrariesDescription: 6aee7c8de5c37a8c912e3bcc2d4325ae
    info.title: 9a063327a73bebd07dd7dda5cf9d1fc4
    info.smartTranslation.title: 4c0613ac878e8255749c741b6cf2c72b
    info.smartTranslation.intelligentTranslation: d639c28970ad6c75b000b995e179b9d1
    info.smartTranslation.brandVoice: 4ec60e8be67bbe9b91a859ce9aae756e
    info.smartTranslation.terminology: c5585a359d7424c399710b6c6f000843
    info.smartTranslation.linguisticFeatures: 19131bf7d9e88b6f689734cd5c1b1a41
    info.smartTranslation.realtimeUpdates: 3df0d87a12edf7d73971f3da5db4bb0d
    info.implementation.title: b672f52ade975e864ae6b58722c03689
    info.implementation.quickSetup: 3dab8cea497d11e65a53a1648fe9ec11
    info.implementation.fileFormat: b8c38c6813a37c1f65939757a4202238
    info.implementation.contentStructure: f642876f4bf9764b97474231f734e54b
    info.implementation.assetOrganization: 6adbea1e4a7f1730f5d15a7995067fdd
    info.developer.title: a2b14f3cf7830e8c3341ff6b520ffbfb
    info.developer.cli: cc968553a80aacc0af10dd5e35251a75
    info.developer.cicd: b2638d45cabecd2238bd2642eafcb48e
    info.developer.versionControl: 13a69c9e4eabce5f42dc90f8285cc16b
    info.developer.workflow: 97583a85b86081e3d4a45cd9999aad32
    info.developer.documentation: 3247eda202c3edac94e030982f79406d
    login.title: b6d4223e60986fa4c9af77ee5f7149c5
    login.github: 9906352b29a82243c688629fd911893e
    login.google: 95aacd4d4ac87524cfc63d9cc94c008e
    login.footer: e2a0e3eec3a510e1be84023389a98b2f
    login.description: df22645ebc0fced2db911c73fe8b14f8
    login.terms.text: df98125e7f6e51ac02e2f7b88bc5126e
    login.terms.termsOfService: 3b6c2b4caaf4f14f8d7feeddc4ac3f4d
    login.terms.and: be5d5d37542d75f93a87094459f76678
    login.terms.privacyPolicy: fa2ead697d9998cbc65c81384e6533d5
    translations.header: 33ef94b2b7d40dcb8e665003477209e2
    userMenu.account: ff73074ccafb0bcfc1c49a09ceb6532f
    userMenu.signOut: c87aacf5673fada1108c9f809d354311
    userMenu.createTeam: 566b03c72e8a6206b2efc9e5fab5823c
    userMenu.homepage: 339f7a2e087a159e6a31501649027a77
    userMenu.team: 2939479468e48cb20df8c9ae01d35f64
    teamSelector.addProject: 7e94fd31ac489c6edc9b9ee8820b5500
    teamSelector.createProjectTitle: 0b60e8fecbfed3cdc2b22bdd3db8a60e
    teamSelector.projectNamePlaceholder: 7adea0d9c77aabccd8bb67ae0a832d59
    teamSelector.createProjectButton: 7e94fd31ac489c6edc9b9ee8820b5500
    teamSelector.pro: abd900517e55dce0437dac136a8568d7
    teamSelector.project: 9e727fdd3aec8274f46685441900280d
    teamSelector.teams: 1fe1b6cf4f52930c301b03e5a69c42c2
    teamSelector.createTeam: 566b03c72e8a6206b2efc9e5fab5823c
    teamSelector.createTeamTitle: b2eefda1346095fafabe730ab022ab56
    teamSelector.teamNamePlaceholder: dfdcb4a58db81e09ebccbdbfbb0a0da6
    teamSelector.createTeamButton: 566b03c72e8a6206b2efc9e5fab5823c
    coming_soon.title: d85a5982790da2dcf49f7f6f6f39bc94
    coming_soon.description: 31b4dbba547e2844113c782df7a0dd7e
    coming_soon.cta: 7af243e0268f98fbad9ca52dfcda2e93
    account.fullName.title: 630058029627ce58e7571e7a5b6ec591
    account.fullName.description: 2bd0581df5ec5171d504295d4bc7f520
    account.fullName.placeholder: 387af98b1574a74e12eb99f3ed220831
    account.email.title: 643a860f992333b8600ea264aca7c4fc
    account.email.description: 964d297d88c52ab6de3eecc56ef717fe
    account.email.placeholder: 6832ac593617c3e5f61c82a20b0d9a3a
    account.apiKey.title: d876ff8da67c3731ae25d8335a4168b4
    account.apiKey.description: 9fc71a9bd92ecc0b12091476fc9f2c3f
    account.deleteAccount.title: bee04ef1315b3f9562be34e2e28a7831
    account.deleteAccount.description: cd44f1827b32f439ff05c1be1419a9de
    account.deleteAccount.button: bee04ef1315b3f9562be34e2e28a7831
    copyInstall.copied: efc1a46f7b47e4d3cf60f13b6c89069b
    dangerZone.dialog.title: 99b418f62bde2c0a85d1e388ac803677
    dangerZone.dialog.description: fb2e12b0848b72f3e7c21f55b0e6c3fa
    dangerZone.dialog.placeholder: 7df3f792d2f290b4440feb6b71c6ed62
    dangerZone.dialog.confirm: 9e365dd1fae1b9ecae5a1d220a5fe86f
    dangerZone.dialog.cancel: ea4788705e6873b424c65e91c2846b19
    pipeline.title: e46151f900a88b101abc5c6dc63e56f7
    pipeline.pro: 930f8b73c81a6b880f2eec8693726bd6
    pipeline.description: b40fd73fd7cf0dacc627ce6ef384b128
    settings.badRequest: 446b416d535ed3f547fcd653dc11d49c
    settings.badRequestDescription: 5ddd415c6b48c294b9ae788e58d09511
    settings.permissionDenied: c52a1454518514aae5d63f785cf50105
    settings.permissionDeniedDescription: 743adc4681ee2d52916436709f5b7ad9
    settings.deleteTeamTitle: cc736640446e65ba975038d8a3a91a11
    settings.deleteTeamDescription: 41b47d6fe48e022c0d71b620ae8f7945
    settings.saved: 96d4dadd096605d5813d2c6bdf82e82c
    settings.savedDescription: 5f5cdcb004646b1da96ed29222da6c4a
    settings.error: 6609dd239e143d00002123326c5e4aad
    settings.errorDescription: 9c3aa67be8762e5bfd13be5de09086bf
    settings.addTeam: 566b03c72e8a6206b2efc9e5fab5823c
    settings.apiKey.updated: f1142163044d1b8be28f108cff4d78fb
    settings.apiKey.updatedDescription: b40c07bff8b5a8dfa9388f3171c140f4
    settings.apiKey.title: 05f5fbd7b091b00b5ecc2cdf7772a71b
    settings.apiKey.description: dc75f12cbce8dd5759cd668dc65ecbf8
    settings.apiKey.cancel: ea4788705e6873b424c65e91c2846b19
    settings.apiKey.continue: a0bfb8e59e6c13fc8d990781f77694fe
    settings.tabs.project: 9e727fdd3aec8274f46685441900280d
    settings.tabs.account: 08bd40c7543007ad06e4fce31618f6ec
    settings.tabs.team: ac848fa228f49ba2b8a5fbd76596817d
    settings.tabs.provider: 27703c8f150ac4bb0a3a83a7857353af
    settings.tabs.billing: 780c462e85ba4399a5d42e88f69a15ca
    settings.addProject: 7e94fd31ac489c6edc9b9ee8820b5500
    settings.project.name.title: 8e3a42158ee70b67cf55b33e2789a9e5
    settings.project.name.description: 55257874f345827b9ffe31ea91e7e084
    settings.project.name.placeholder: 2e8a21c53c67dfe59cf31e887903b505
    settings.project.id.title: 6cb2830007af9ceb6ce55b4560dc650a
    settings.project.id.description: 8afa0ed0093af92bd230f690d425f934
    settings.project.id.placeholder: 6cb2830007af9ceb6ce55b4560dc650a
    settings.project.delete.title: f210dc350b5e5aed8e60de810eaa37d0
    settings.project.delete.description: a2769f04b50c36b113aed6a845f6fa01
    settings.project.delete.button: f210dc350b5e5aed8e60de810eaa37d0
    settings.save: c9cc8cce247e49bae79f15173ce97354
    settings.team.name.title: a415526ab37ab308188999eda9b481db
    settings.team.name.description: 1222c047a38ac77dbe78f345bd779c4d
    settings.team.name.placeholder: 0c5521fcea9b8efdcae81b16ec0dcac8
    settings.team.billing.title: 5f147a08d0b9fc2ef6cf4c71a893fdab
    settings.team.billing.description: 1665b620ac93f1d8fd0c25df5f0f01d2
    settings.team.billing.free: b24ce0cd392a5b0b8dedc66c25213594
    settings.team.billing.pro: abd900517e55dce0437dac136a8568d7
    settings.team.billing.unlimited: 545f6c2f382c04810103b3e5e6f7d841
    settings.team.apiKey.title: 97573f14d44c6288ad1b74a0418b1e26
    settings.team.apiKey.description: 2de23378276325360c6211b81ddd89dd
    settings.team.apiKey.placeholder: 97573f14d44c6288ad1b74a0418b1e26
    settings.team.members.leaveTeamConfirm: 90758d6903b397413b00b16f21faeeb9
    settings.team.members.leaveTeamDescription: 2fad1468a204820c92518c8ccb0b58d1
    settings.team.members.cancel: ea4788705e6873b424c65e91c2846b19
    settings.team.members.leaveTeam: 90758d6903b397413b00b16f21faeeb9
    settings.team.members.invite: dad26214244beb2ccfaebfb37b47def1
    settings.team.members.title: ef53538ae41a651c7f72ab6cb1135d8c
    settings.team.members.pendingInvitations: cd5c1583e1cf121078bd6834b94c390b
    settings.team.members.removeMember: 375396d6e5d566794f2191bf22a665d8
    settings.team.members.removeMemberConfirm: 375396d6e5d566794f2191bf22a665d8
    settings.team.members.removeMemberDescription: 3d253c4c8371469597db2798c85af926
    settings.team.members.filterPlaceholder: 4805e85f9f76302e0a8ed7e56ffe275e
    settings.team.members.allRoles: 8d5a0d3ed131668433e35626daf9b519
    settings.team.members.date: 44749712dbec183e983dcd78a7736c41
    settings.team.members.selectAll: ef1b031573031a3eca39e4b16e1eacec
    settings.team.members.noPendingInvitations: 3051edbf4703b0624b41accadf094534
    settings.team.members.noResults: 4df7b707ba9cff3428799d7162702476
    settings.team.members.tryDifferentSearch: 7884c4e7138c27a1ed485c9171fc081d
    settings.team.members.inviteMembers: 3eb8888b0e8a1c22f1002e1219a38370
    settings.team.members.deleteInvite: 397fd316cddb45a3c965938039b955f4
    settings.team.members.deleteInviteDescription: c186a61f8f2e6219b73954dfae512ae0
    settings.team.members.invitedBy: 1f7b34991dd13019d3fc2e02ff7bccc9
    settings.team.members.deleteInviteSuccess: 41f4c81ec79ac054d9658a872045a05a
    settings.team.members.deleteInviteError: 43f2debe7c1ad9a3976dcc50a74c9e8c
    settings.team.members.removeMemberSuccess: ceab49c1789aa0a0ca7abfc29eb9f59e
    settings.team.members.removeMemberError: 360f11df18adb84518a8283fd0063609
    settings.team.members.removeMemberSuccessDescription: 7b79d9dc5a905806845cc85e5c39b9a2
    settings.team.members.removeMemberErrorDescription: 360f11df18adb84518a8283fd0063609
    settings.team.members.roles.owner: b6f4a2ec6356bbd56d49f2096bf9d3d3
    settings.team.members.roles.member: 858ba4765e53c712ef672a9570474b1d
    settings.team.members.dateSort.newest: ac71d8452c267207bcf9f1c93c6419e8
    settings.team.members.dateSort.oldest: 4df211924b23a31142bb7a6ac9a33832
    settings.team.members.deleteInviteConfirm: 120406beeda0c81cd3e125ce2d33c368
    tuning.general: 0db377921f4ce762c62526131097968f
    tuning.translationMemory.title: 134d4413abf1fb055d58e397f43a3109
    tuning.translationMemory.description: 8845f05905ef98ffd22565941e3f5352
    tuning.qualityChecks.title: 14d5ce91a14c26eabfaeb880518dc8c0
    tuning.qualityChecks.description: c37ed745860b18b398cf29511925b122
    tuning.contextDetection.title: 0dbf9ba36a56d7305816e3272ce92bba
    tuning.contextDetection.description: dbe9b43f9d4998b93afdd63d700fac84
    tuning.styleGuide: aec7b47248cf3bf1399703d0b547ea7a
    tuning.lengthControl.title: 3f8d2493cb2a21eae8be7752281f3607
    tuning.lengthControl.description: efc01ed6cd8c4d6fab6ed5d5cd392f3c
    tuning.lengthControl.options.flexible: 13b303a6c0d90897b5375ce901acc445
    tuning.lengthControl.options.strict: 2e979835dd62324f5bfe217449ba4974
    tuning.lengthControl.options.exact: 1649aed298f99d587e2eb30c1db5946b
    tuning.lengthControl.options.loose: 08d78f099561104c2015d19ea7d9d41e
    tuning.inclusiveLanguage.title: e6f50f9ac54591fb7e1a5d9aa1856791
    tuning.inclusiveLanguage.description: bc5a5fe3acfd112049c058b3934d4736
    tuning.formality.title: 71024962edfa16cc65ab94395618dc08
    tuning.formality.description: 88eac77a703cda629793e989e926fdd8
    tuning.formality.options.casual: 28d5d53226be8aa8da42d9cbdd312e62
    tuning.formality.options.formal: 557c6481538b93bfe0a10a1cbc11aa07
    tuning.formality.options.neutral: e9bb5320b3890b6747c91b5a71ae5a01
    tuning.brandName.title: 3bca44e521736d1aab2b489ee96543dc
    tuning.brandName.description: 5fa098ce3e6bbca57eff8ac95772e2ef
    tuning.brandName.placeholder: 9e9d4d08ec805171ae0ad76a53f530b8
    tuning.brandVoice.title: 11e96380daf824c163ad55378f835ed0
    tuning.brandVoice.description: fc9502f2cb25d413f69f1ef589af64cc
    tuning.brandVoice.placeholder: 3a2ff09d5d836ee595758285346150ef
    tuning.toneOfVoice.title: 7ad04961cb75a7dc6e2a250d952b3137
    tuning.toneOfVoice.description: 5ecc1d3b5249e007f33e6a0e6a16592b
    tuning.toneOfVoice.options.casual: 28d5d53226be8aa8da42d9cbdd312e62
    tuning.toneOfVoice.options.formal: 557c6481538b93bfe0a10a1cbc11aa07
    tuning.toneOfVoice.options.friendly: 03fdbf12e03a4cd1409b84abe2b631df
    tuning.toneOfVoice.options.professional: 9e8b160226c9fe22a910c782ce5076e2
    tuning.toneOfVoice.options.playful: 7eaa58547a5f7ca615c75491124e8929
    tuning.toneOfVoice.options.serious: 5ac37abb27822d9e97e825d6f026afbf
    tuning.toneOfVoice.options.confident: 1b1f145b4bc9042f4287221bf465e9da
    tuning.toneOfVoice.options.humble: a9d13af9ab68f8e72cd864d749bf30de
    tuning.toneOfVoice.options.direct: fd1dd0c603be8170f9eae0be9f2f6afb
    tuning.toneOfVoice.options.diplomatic: 8429152ff05835474c8becf02b9d7be9
    tuning.brand: 1be6f9eb563f3bf85c78b4219bf09de9
    tuning.emotiveIntent.title: 87a6c086ad1862808b699921ab31681c
    tuning.emotiveIntent.description: 31a3fb01ff14c606ac992bf5e1e47562
    tuning.emotiveIntent.options.neutral: e9bb5320b3890b6747c91b5a71ae5a01
    tuning.emotiveIntent.options.positive: 3289297424e01eda5b788c083bbf3147
    tuning.emotiveIntent.options.empathetic: 667a0fb3ffb9a3c216e9683cb0f56ddd
    tuning.emotiveIntent.options.professional: 9e8b160226c9fe22a910c782ce5076e2
    tuning.emotiveIntent.options.friendly: 03fdbf12e03a4cd1409b84abe2b631df
    tuning.emotiveIntent.options.enthusiastic: 8b0c0f27b0034472e15fb4a4a5d6feb5
    tuning.domainExpertise.title: a731ba52c8dee70424e1fb848c2675e3
    tuning.domainExpertise.description: 72a38518f53e14c11a1195c77d83c96a
    tuning.domainExpertise.options.general: 0db377921f4ce762c62526131097968f
    tuning.domainExpertise.options.technical: ad1ec60c9e1f10f6a9f5d9f2c5254bc6
    tuning.domainExpertise.options.medical: 077262cc53a1fb1b5f651d31b6bf81ba
    tuning.domainExpertise.options.legal: a10a9bcd450087de1ce1f80b35f44883
    tuning.domainExpertise.options.financial: 35f156073cb9314e5ddcabd2d16f443c
    tuning.domainExpertise.options.marketing: 7cb15e416d62919b1b40298324fbe30b
    tuning.domainExpertise.options.academic: 9e1c63fe89fae4da8db2c9e550b3e6c1
    tuning.idioms.title: 7cd9c7ed1208951909e37fb85dca6414
    tuning.idioms.description: 1d0099c10c13867de51b6d565a7cccf1
    tuning.terminology.title: e182a8a3f2adf774fb1c959df71b8600
    tuning.terminology.description: de2f481655486c6713e14c5b5c0c0fa8
    tuning.culturalAdaptation.title: 824f0a2cc9dca77f01b97d8dd5a6d757
    tuning.culturalAdaptation.description: 2998105ed538017749e29e597aba2db6
    pricing.title: 467c18a9436478b8db6c9f6124784d74
    pricing.free.title: b24ce0cd392a5b0b8dedc66c25213594
    pricing.free.price: b24ce0cd392a5b0b8dedc66c25213594
    pricing.free.keys_limit: 68ded5c952acf17cd71488921eb409fb
    pricing.free.description: beed456178e89c22031175a81ac64faf
    pricing.free.features.unlimited_projects: 29be4d95ae3d4131e1f3f2bf97d334dd
    pricing.free.features.fine_tuning: dd4e28c05b95e8f69925f58a472c041a
    pricing.free.features.overrides: 877ea670329e5a2232734b18245a5c3d
    pricing.free.features.analytics: a768caa988605a2846599cf7e2d0c26a
    pricing.free.features.context_memory: f0ae622dd995d57acd0e697cb95c068e
    pricing.free.features.community_support: 1cf7168782187634fbc408c66b895dbc
    pricing.free.features.keys_limit: 68ded5c952acf17cd71488921eb409fb
    pricing.free.features.docs_limit: 1778b411fe46f59bc4454d89b01bb122
    pricing.free.features.languages: 258b956ff3f1550eeeda8300ff9835a9
    pricing.pro.title: abd900517e55dce0437dac136a8568d7
    pricing.pro.includes_free: 048d1ba13c785db62638cfca520b0a5f
    pricing.pro.features.github_action: ba6fa6e325e04710d41ade5d4fc49717
    pricing.pro.features.latest_features: 9a484e3a0a97e92a9baa721048626455
    pricing.pro.features.priority_support: d62f9dcbe63520f9fb0857b3c615b210
    pricing.pro.features.priority_queues: 7f8fc85a9455f20bc1ef7c0600a50c8a
    pricing.pro.features.languages: d5dc1805a7498df788f270b4d9f892cc
    pricing.pro.features.keys_limit: 07707a9c9d8c4b54e3a5b87fd4ba6be1
    pricing.pro.features.docs_limit: ef93a24fb4f4ea5cb7e13f88868aeb1c
    pricing.cta: a698f6a6e17c887e558c625a4e19800b
    pricing.keys_limit_explanation: d74aedb7dfbacb3a7cc87d387275543a
    createTeam.teamName: a415526ab37ab308188999eda9b481db
    createTeam.teamNamePlaceholder: 0c5521fcea9b8efdcae81b16ec0dcac8
    createTeam.createTeamButton: 566b03c72e8a6206b2efc9e5fab5823c
    createTeam.cancel: ea4788705e6873b424c65e91c2846b19
    createTeam.createTeamDescription: 80c12ad8967e83b50b41154d80874667
    createProject.createProjectTitle: 0b60e8fecbfed3cdc2b22bdd3db8a60e
    createProject.projectNamePlaceholder: 2e8a21c53c67dfe59cf31e887903b505
    createProject.createProjectButton: 7e94fd31ac489c6edc9b9ee8820b5500
    createProject.cancel: ea4788705e6873b424c65e91c2846b19
    createProject.createProjectDescription: 5f46bde8120bcdb78ef7339540c58bcd
    invite.inviteMember: dad26214244beb2ccfaebfb37b47def1
    invite.inviteDescription: 6e4b3dc8f8bf5b5e350f2b36cda25d5d
    invite.emailLabel: ce8ae9da5b7cd6c3df2929543a9af92d
    invite.emailPlaceholder: c3d8baf1b9da3d6922aea0057717a0b7
    invite.cancel: ea4788705e6873b424c65e91c2846b19
    invite.submit: a4d3b161ce1309df1c4e25df28694b7b
    invite.success.title: ed87c79081208632254766b0e2fa9cac
    invite.success.description: 0bdff00a96d8ccfab46d3dbe687713ac
    invite.error.title: 902b0d55fddef6f8d651fe1035b7d4bd
    invite.error.description: b5f72115b32020c7b6e19251e5e80fb7
    invite.validation.invalidEmail: daa8d486c07ee522a91050732b89a06b
    onboarding.steps.1.title: 43e849e91e4068e288f50477a4dd91db
    onboarding.steps.1.description: 7e09be5bbd5d54341ebc9178e540ded2
    onboarding.steps.2.title: 09001a200e746fc9ba31b7f05511ee11
    onboarding.steps.2.description: 0b5faababc2f615cfff6159fbc05e2c4
    onboarding.steps.3.title: 5b6cf869265c13af8566f192b4ab3d2a
    onboarding.steps.3.description: 2b954d79b08785bedb943088bd53d32c
    onboarding.steps.3.link: 55876228853abf632dec9346a4f372ec
    onboarding.info.description: 2de352bdd7561cc524f343437fcc5bbf
    onboarding.info.link: 55876228853abf632dec9346a4f372ec
    onboarding.info.description_2: a169225d82c270d118538f0e670188bb
    cli.success.title: 8f2f7e3b30445b11d06f475c144e0c6e
    cli.success.description: 904ab4730c6872ceb93de989689350f4
    cli.success.description_2: f6849a58a8ab34415b50ee39eb464db2
    search.placeholder: 13348442cc6a27032d2b4aa28b75a5d3
    periods.daily: c512b685438f41daa7386329a3b8f8d3
    periods.weekly: 6c25e6a6da95b3d583c6ec4c3f82ed4d
    periods.monthly: 9030e39f00132d583da4122532e509e9
    periods.selectPeriod: 4181c4164b19ba285be050d280a6102e
    language.en: 78463a384a5aa4fad5fa73e2f506ecfc
    language.de: 86bc3115eb4e9873ac96904a4a68e19e
    language.ar: 272ccb8592bafde0baf1dedce0fd3ac2
    language.az: 9f3356b27d0a76cb5f0ceea9e80a6e72
    language.bg: 60bb3bcc6ff535428a38f76f1059b2d2
    language.ca: 900a14b115614d9d4d1c47f1d3a3251b
    language.cs: 83ff4480cdf2900ae83bf30d95774d76
    language.da: 7bc6f150ce738db3d21cbe0b75aea027
    language.el: 0aafa497807d5ac9b509656bd13b5283
    language.es: cb5480c32e71778852b08ae1e8712775
    language.et: 28916fc3da67a5190b2b98a7f309857f
    language.fi: 9ae099fd082267fa2f2f85664a4f74dc
    language.fr: ad225f707802ba118c22987186dd38e8
    language.he: c6c1f81a46666385fa7d85df7eaf8763
    language.hr: 0c1be09bad2acaa2fa315b88abda8a32
    language.hu: 7b86112ec6401fd8f06ab5251d1a68fe
    language.id: cc1c9b57607b4439578b68074a5e2d80
    language.it: 4be8e06d27bca7e1828f2fa9a49ca985
    language.iw: c6c1f81a46666385fa7d85df7eaf8763
    language.ja: f32ced6a9ba164c4b3c047fd1d7c882e
    language.km: 9f564ebabc9cf0b9589b4ecf6228379a
    language.ko: d0bdb3cde477d82e766da05ebda50ccb
    language.lv: 76ad0358e45dd4087c0a26bbf4c160e3
    language.nl: 68bf367e228f45ba83cb8831a5ee6447
    language.no: da550ca06bcacbd30b7c6ed32c864c70
    language.pl: c730389bc8d99e59c867766babdd48b5
    language.pt-BR: 26d5352ead4a731f3d11eb2e85d0e297
    language.pt: 30e32c7c4cf434e9c75e60c14c442541
    language.ro: efa7394ecaa7fc7076a9da13a77236b8
    language.ru: deba6920e70615401385fe1fb5a379ec
    language.sk-SK: 68056cf8d57f23d0b2c80e135cd5b358
    language.sk: 9accc467b159e7ce158e53209c0cde2a
    language.sr: 055301c56abc82dd3a81ea3810ad0599
    language.sv: 41171a0fcd362ce98b5f0f11398713b6
    language.ta: f0670813020969b39ff8d85744b40400
    language.th: 43ddc789bcea4177a14791f6c9a03b28
    language.tr: c1612bbdebfa45467e8ab814e08daff1
    language.uk: e78a6fc14ad64f7a78386b20568ce95b
    language.vi: 7b80fae85640c16cdb0261bef0c27636
    language.zh-CN: c6606fd0c7e63446a7839bd982c9ce7f
    language.zh-TW: 658edc15e33dabbc949c26031c154fe8
    menu.dashboard: 2938c7f7e560ed972f8a4f68e80ff834
    menu.tuning: 89dd2948ecda7325c0001d8a0e51a2d8
    menu.settings: f4f70727dc34561dfde1a3c529b6205c
    menu.pricing: e22ac25b066b201473de7aa700ef5d92
    menu.docs: 5b6cf869265c13af8566f192b4ab3d2a
    menu.account: 08bd40c7543007ad06e4fce31618f6ec
    billing.title: 780c462e85ba4399a5d42e88f69a15ca
    analytics.key: 33ef94b2b7d40dcb8e665003477209e2
    analytics.document: 45be27eb4df1df35ea3e46a62acfea3b
    analytics.header: 0b8d92bc19b720bb1065649535463409
    analytics.months.10: 594be08882c8e9d5efb9eeb62f303744
    analytics.months.11: 343e6957be77c6247aa2b8d0deb68bd6
    analytics.months.12: d207b4e0bce42a8f1555ce3a05e287f6
    analytics.months.01: e68564f23e0e939acea76dc3d2bc01bf
    analytics.months.02: ea171d540ccd5f0669171ef06d3cd848
    analytics.months.03: 7ce6b2286a5396e614b8484105d277e0
    analytics.months.04: 6d7215c4b3bc4716d026ac46c6d9ae64
    analytics.months.05: 195fbb57ffe7449796d23466085ce6d8
    analytics.months.06: eb4b40c1221dad5b23fe7ef84d292be1
    analytics.months.07: a2866cd6efaa65c92278d4771a9eaec7
    analytics.months.08: 22f1a4667604b8557c9b209c201b4bc6
    analytics.months.09: f04aa7019c490474fa3ce16e93501b57
    faq.title: 1fe917b01f9a3f87fa2d7d3b7643fac1
    faq.what_is_languine.question: 57f64f39cd8e0806ff58613aab5b682a
    faq.what_is_languine.answer: 7c3c03995075d69d8e137f5256a200ab
    faq.key_limit.question: 729a32234ea79c9b978b219059f56b33
    faq.key_limit.answer: ec9132973926bdc0bf6f2c66e4c1c832
    faq.supported_languages.question: 1f912d405adb35fa5c2aa66dddb39b24
    faq.supported_languages.answer: 03b44b7cf0fc3e1ab4302d06819dea1c
    faq.github_action.question: b1a43c3aba255b27ce5420d8db3d8a93
    faq.github_action.answer: b6574e355432629612a257e44bb700f6
    faq.support.question: 142213be6eae02e401cb5af4ecbb7463
    faq.support.answer: 8f800f4c21d3c04b517765560d04bffb
    faq.open_source.question: 557b7b3a5b94340c550a4faafc1f452c
    faq.open_source.answer: ff9d2ff640665a64c0fae03c3de034b8
    faq.open_source_pricing.question: e3d735f7918f8effafb7fa2e6b2f1d5f
    faq.open_source_pricing.answer: 4872860c8381731ba924dcdf21694eb3
    faq.cancel_subscription.question: 1b2b7bacd39b85e288d0c9f9ef269200
    faq.cancel_subscription.answer: c52453604a8fc6dfe38a8e1a59cce311
    pricing_slider.tier: 4c7b8bb8b1156824e7ca9ff29443c958
    pricing_slider.keys: 33ef94b2b7d40dcb8e665003477209e2
    pricing_slider.documents: 45be27eb4df1df35ea3e46a62acfea3b
    pricing_slider.period: 197639b278057c519189add5413712e3
    pricing_slider.keys_suffix: 7a9f34e20112d1849721321a7b068d2c
    pricing_slider.docs_suffix: 6a0355a7392122eb336841441cfa29ce
    pricing_slider.languages: 3a08e2e340ab29fd9263af48193cbf8e
    docs.getting-started: bf647454e36069fd16f1a7a35cf6a865
    docs.workflow: 24f47cdbe9ddba774a7cc53e51d9032e
    docs.ci: a91e4ff4bf49e8de7de911d95062662e
    docs.presets: eb81441fe20963ff9e8e69c5b32fc625
    docs.formats: 0615a38067b62382dc1667010669b238
    docs.platform: 419f3742e6de8e0ec4b22cce005e7630
    docs.introduction: 0b79795d3efc95b9976c7c5b933afce2
    docs.quickstart: daf9c900d52f8dc3a51bb68233076798
    docs.authentication: c75f7811d70d17dbcd88e9d03752cbed
    docs.configuration: 254f642527b45bc260048e30704edb39
    docs.cli: 91af5705f16502125e8b2187e64202c0
    docs.github-actions: f843be8508767777750802fb7782c74f
    docs.tuning: 89dd2948ecda7325c0001d8a0e51a2d8
    docs.overrides: 0ca08f8f4a8a19f7f1ae87c119494327
    docs.settings: f4f70727dc34561dfde1a3c529b6205c
    docs.hooks: 35ad48797a780091740cbcf14ebc094d
    docs.examples: ff7c0fcd6a31e735a61c001f75426961
    docs.team: ac848fa228f49ba2b8a5fbd76596817d
    test_key: 7cde1a6fd4415eae35749e523ebd2d5b
    welcome.hero: 04f638cd1dfba61137587b99f890ade0
  src/markdown/docs/en/android.mdx:
    content: d41d8cd98f00b204e9800998ecf8427e
  src/markdown/docs/en/arb.mdx:
    content: d41d8cd98f00b204e9800998ecf8427e
  src/markdown/docs/en/authentication.mdx:
    content: d41d8cd98f00b204e9800998ecf8427e
  src/markdown/docs/en/biome.mdx:
    content: 3386c30ad3b9ba547f0ae70d6a6fd899
  src/markdown/docs/en/ci.mdx:
    content: 791a748e767ebdea6614cb1fb7f255ca
  src/markdown/docs/en/cli.mdx:
    content: 2369c5a605d2c11b83a352668cb96b41
  src/markdown/docs/en/configuration.mdx:
    content: d41d8cd98f00b204e9800998ecf8427e
  src/markdown/docs/en/csv.mdx:
    content: d41d8cd98f00b204e9800998ecf8427e
  src/markdown/docs/en/expo.mdx:
    content: d41d8cd98f00b204e9800998ecf8427e
  src/markdown/docs/en/github-actions.mdx:
    content: 9fbdb5cda9464db2252f174698cdd59b
  src/markdown/docs/en/html.mdx:
    content: d41d8cd98f00b204e9800998ecf8427e
  src/markdown/docs/en/introduction.mdx:
    content: 543d3a7281b8d4683d18bd376e8f3d5d
  src/markdown/docs/en/ios.mdx:
    content: d41d8cd98f00b204e9800998ecf8427e
  src/markdown/docs/en/js.mdx:
    content: d41d8cd98f00b204e9800998ecf8427e
  src/markdown/docs/en/json.mdx:
    content: b867074f7de5b77389dbbff97a5d3630
  src/markdown/docs/en/md.mdx:
    content: d41d8cd98f00b204e9800998ecf8427e
  src/markdown/docs/en/mdx.mdx:
    content: d41d8cd98f00b204e9800998ecf8427e
  src/markdown/docs/en/overrides.mdx:
    content: c896fe6c6fbf4a36f9e00a4f8f8fc30f
  src/markdown/docs/en/po.mdx:
    content: d41d8cd98f00b204e9800998ecf8427e
  src/markdown/docs/en/prettier.mdx:
    content: 0e33397a86212a3aaf1648690dfec0ae
  src/markdown/docs/en/properties.mdx:
    content: d41d8cd98f00b204e9800998ecf8427e
  src/markdown/docs/en/quickstart.mdx:
    content: 2f5b31ab731f7a84d766173227b27b1a
  src/markdown/docs/en/react-email.mdx:
    content: d41d8cd98f00b204e9800998ecf8427e
  src/markdown/docs/en/settings.mdx:
    content: d41d8cd98f00b204e9800998ecf8427e
  src/markdown/docs/en/ts.mdx:
    content: d41d8cd98f00b204e9800998ecf8427e
  src/markdown/docs/en/tuning.mdx:
    content: d41d8cd98f00b204e9800998ecf8427e
  src/markdown/docs/en/xcode-stringsdict.mdx:
    content: d41d8cd98f00b204e9800998ecf8427e
  src/markdown/docs/en/xcode-xcstrings.mdx:
    content: d41d8cd98f00b204e9800998ecf8427e
  src/markdown/docs/en/xliff.mdx:
    content: d41d8cd98f00b204e9800998ecf8427e
  src/markdown/docs/en/xml.mdx:
    content: d41d8cd98f00b204e9800998ecf8427e
  src/markdown/docs/en/yaml.mdx:
    content: d41d8cd98f00b204e9800998ecf8427e
